
Microsoft Visual Studio Solution File, Format Version 12.00
# Visual Studio Version 17
VisualStudioVersion = 17.9.34902.65
MinimumVisualStudioVersion = 10.0.40219.1
Project("{9A19103F-16F7-4668-BE54-9A1E7A4F7556}") = "Order.API", "Order.API\Order.API.csproj", "{6F627383-26EF-4FAA-9453-5EFF4A09436F}"
EndProject
Project("{9A19103F-16F7-4668-BE54-9A1E7A4F7556}") = "ApiGateway", "ApiGateway\ApiGateway.csproj", "{807902C0-6CDE-4698-B965-DE91ECA8EBA6}"
EndProject
Project("{9A19103F-16F7-4668-BE54-9A1E7A4F7556}") = "Product.API", "Product.API\Product.API.csproj", "{B9B98DC8-0148-4C29-9C21-95F95480B2A0}"
EndProject
Project("{E53339B2-1760-4266-BCC7-CA923CBCF16C}") = "docker-compose", "docker-compose.dcproj", "{8F315230-558F-4EBF-B8B9-125093BA6BD0}"
EndProject
Global
	GlobalSection(SolutionConfigurationPlatforms) = preSolution
		Debug|Any CPU = Debug|Any CPU
		Release|Any CPU = Release|Any CPU
	EndGlobalSection
	GlobalSection(ProjectConfigurationPlatforms) = postSolution
		{6F627383-26EF-4FAA-9453-5EFF4A09436F}.Debug|Any CPU.ActiveCfg = Debug|Any CPU
		{6F627383-26EF-4FAA-9453-5EFF4A09436F}.Debug|Any CPU.Build.0 = Debug|Any CPU
		{6F627383-26EF-4FAA-9453-5EFF4A09436F}.Release|Any CPU.ActiveCfg = Release|Any CPU
		{6F627383-26EF-4FAA-9453-5EFF4A09436F}.Release|Any CPU.Build.0 = Release|Any CPU
		{807902C0-6CDE-4698-B965-DE91ECA8EBA6}.Debug|Any CPU.ActiveCfg = Debug|Any CPU
		{807902C0-6CDE-4698-B965-DE91ECA8EBA6}.Debug|Any CPU.Build.0 = Debug|Any CPU
		{807902C0-6CDE-4698-B965-DE91ECA8EBA6}.Release|Any CPU.ActiveCfg = Release|Any CPU
		{807902C0-6CDE-4698-B965-DE91ECA8EBA6}.Release|Any CPU.Build.0 = Release|Any CPU
		{B9B98DC8-0148-4C29-9C21-95F95480B2A0}.Debug|Any CPU.ActiveCfg = Debug|Any CPU
		{B9B98DC8-0148-4C29-9C21-95F95480B2A0}.Debug|Any CPU.Build.0 = Debug|Any CPU
		{B9B98DC8-0148-4C29-9C21-95F95480B2A0}.Release|Any CPU.ActiveCfg = Release|Any CPU
		{B9B98DC8-0148-4C29-9C21-95F95480B2A0}.Release|Any CPU.Build.0 = Release|Any CPU
		{8F315230-558F-4EBF-B8B9-125093BA6BD0}.Debug|Any CPU.ActiveCfg = Debug|Any CPU
		{8F315230-558F-4EBF-B8B9-125093BA6BD0}.Debug|Any CPU.Build.0 = Debug|Any CPU
		{8F315230-558F-4EBF-B8B9-125093BA6BD0}.Release|Any CPU.ActiveCfg = Release|Any CPU
		{8F315230-558F-4EBF-B8B9-125093BA6BD0}.Release|Any CPU.Build.0 = Release|Any CPU
	EndGlobalSection
	GlobalSection(SolutionProperties) = preSolution
		HideSolutionNode = FALSE
	EndGlobalSection
	GlobalSection(ExtensibilityGlobals) = postSolution
		SolutionGuid = {7D3A1B7B-E346-4E79-B0F0-086B33E97B2F}
	EndGlobalSection
EndGlobal
